// !$*UTF8*$!
{
	archiveVersion = 1;
	classes = {
	};
	objectVersion = 50;
	objects = {

/* Begin PBXBuildFile section */
		DD1C25F520A4E0B000C678D7 /* QRcodeViewController.swift in Sources */ = {isa = PBXBuildFile; fileRef = DD1C25F420A4E0B000C678D7 /* QRcodeViewController.swift */; };
		DD1C25F720A4E8DA00C678D7 /* ShowAddMedicinesTableViewController.swift in Sources */ = {isa = PBXBuildFile; fileRef = DD1C25F620A4E8DA00C678D7 /* ShowAddMedicinesTableViewController.swift */; };
		DD3D25EF20A0693800E905A4 /* AddPatientTableViewController.swift in Sources */ = {isa = PBXBuildFile; fileRef = DD3D25EE20A0693800E905A4 /* AddPatientTableViewController.swift */; };
		DD3D25F120A07B8D00E905A4 /* PatientTableViewController.swift in Sources */ = {isa = PBXBuildFile; fileRef = DD3D25F020A07B8D00E905A4 /* PatientTableViewController.swift */; };
		DD3D25F320A1DFF200E905A4 /* Functions.swift in Sources */ = {isa = PBXBuildFile; fileRef = DD3D25F220A1DFF200E905A4 /* Functions.swift */; };
		DD58291E20A8822600EF3A56 /* Model.xcdatamodeld in Sources */ = {isa = PBXBuildFile; fileRef = DD58291C20A8822600EF3A56 /* Model.xcdatamodeld */; };
		DD58293420A8BBAB00EF3A56 /* Doctors+CoreDataClass.swift in Sources */ = {isa = PBXBuildFile; fileRef = DD58292C20A8BBAB00EF3A56 /* Doctors+CoreDataClass.swift */; };
		DD58293520A8BBAB00EF3A56 /* Doctors+CoreDataProperties.swift in Sources */ = {isa = PBXBuildFile; fileRef = DD58292D20A8BBAB00EF3A56 /* Doctors+CoreDataProperties.swift */; };
		DD58294020A8BBE200EF3A56 /* DoctorAccounts+CoreDataClass.swift in Sources */ = {isa = PBXBuildFile; fileRef = DD58293C20A8BBE200EF3A56 /* DoctorAccounts+CoreDataClass.swift */; };
		DD58294120A8BBE200EF3A56 /* DoctorAccounts+CoreDataProperties.swift in Sources */ = {isa = PBXBuildFile; fileRef = DD58293D20A8BBE200EF3A56 /* DoctorAccounts+CoreDataProperties.swift */; };
		DD58294220A8BBE200EF3A56 /* PatientAccounts+CoreDataClass.swift in Sources */ = {isa = PBXBuildFile; fileRef = DD58293E20A8BBE200EF3A56 /* PatientAccounts+CoreDataClass.swift */; };
		DD58294320A8BBE200EF3A56 /* PatientAccounts+CoreDataProperties.swift in Sources */ = {isa = PBXBuildFile; fileRef = DD58293F20A8BBE200EF3A56 /* PatientAccounts+CoreDataProperties.swift */; };
		DD58295620A8F14900EF3A56 /* Recipe+CoreDataClass.swift in Sources */ = {isa = PBXBuildFile; fileRef = DD58295020A8F14900EF3A56 /* Recipe+CoreDataClass.swift */; };
		DD58295720A8F14900EF3A56 /* Recipe+CoreDataProperties.swift in Sources */ = {isa = PBXBuildFile; fileRef = DD58295120A8F14900EF3A56 /* Recipe+CoreDataProperties.swift */; };
		DD58295820A8F14900EF3A56 /* Medicines+CoreDataClass.swift in Sources */ = {isa = PBXBuildFile; fileRef = DD58295220A8F14900EF3A56 /* Medicines+CoreDataClass.swift */; };
		DD58295920A8F14900EF3A56 /* Medicines+CoreDataProperties.swift in Sources */ = {isa = PBXBuildFile; fileRef = DD58295320A8F14900EF3A56 /* Medicines+CoreDataProperties.swift */; };
		DD58296220A8F2B000EF3A56 /* RecipeHasMedicines+CoreDataClass.swift in Sources */ = {isa = PBXBuildFile; fileRef = DD58296020A8F2B000EF3A56 /* RecipeHasMedicines+CoreDataClass.swift */; };
		DD58296320A8F2B000EF3A56 /* RecipeHasMedicines+CoreDataProperties.swift in Sources */ = {isa = PBXBuildFile; fileRef = DD58296120A8F2B000EF3A56 /* RecipeHasMedicines+CoreDataProperties.swift */; };
		DD58296A20A8F42900EF3A56 /* Patients+CoreDataClass.swift in Sources */ = {isa = PBXBuildFile; fileRef = DD58296820A8F42900EF3A56 /* Patients+CoreDataClass.swift */; };
		DD58296B20A8F42900EF3A56 /* Patients+CoreDataProperties.swift in Sources */ = {isa = PBXBuildFile; fileRef = DD58296920A8F42900EF3A56 /* Patients+CoreDataProperties.swift */; };
		DDAC253B20A5A02F00F19758 /* AddMedicinesViewController.swift in Sources */ = {isa = PBXBuildFile; fileRef = DDAC253A20A5A02F00F19758 /* AddMedicinesViewController.swift */; };
		DDD67D7A209CF318004FE646 /* AppDelegate.swift in Sources */ = {isa = PBXBuildFile; fileRef = DDD67D79209CF318004FE646 /* AppDelegate.swift */; };
		DDD67D7C209CF318004FE646 /* LoginViewController.swift in Sources */ = {isa = PBXBuildFile; fileRef = DDD67D7B209CF318004FE646 /* LoginViewController.swift */; };
		DDD67D7F209CF318004FE646 /* Main.storyboard in Resources */ = {isa = PBXBuildFile; fileRef = DDD67D7D209CF318004FE646 /* Main.storyboard */; };
		DDD67D81209CF319004FE646 /* Assets.xcassets in Resources */ = {isa = PBXBuildFile; fileRef = DDD67D80209CF319004FE646 /* Assets.xcassets */; };
		DDD67D84209CF319004FE646 /* LaunchScreen.storyboard in Resources */ = {isa = PBXBuildFile; fileRef = DDD67D82209CF319004FE646 /* LaunchScreen.storyboard */; };
		DDD67D8C209D0B1F004FE646 /* DoctorTableViewController.swift in Sources */ = {isa = PBXBuildFile; fileRef = DDD67D8B209D0B1F004FE646 /* DoctorTableViewController.swift */; };
		DDD67D8E209D105B004FE646 /* PatientTableViewCell.swift in Sources */ = {isa = PBXBuildFile; fileRef = DDD67D8D209D105B004FE646 /* PatientTableViewCell.swift */; };
/* End PBXBuildFile section */

/* Begin PBXFileReference section */
		DD1C25F420A4E0B000C678D7 /* QRcodeViewController.swift */ = {isa = PBXFileReference; lastKnownFileType = sourcecode.swift; path = QRcodeViewController.swift; sourceTree = "<group>"; };
		DD1C25F620A4E8DA00C678D7 /* ShowAddMedicinesTableViewController.swift */ = {isa = PBXFileReference; lastKnownFileType = sourcecode.swift; path = ShowAddMedicinesTableViewController.swift; sourceTree = "<group>"; };
		DD3D25EE20A0693800E905A4 /* AddPatientTableViewController.swift */ = {isa = PBXFileReference; lastKnownFileType = sourcecode.swift; path = AddPatientTableViewController.swift; sourceTree = "<group>"; };
		DD3D25F020A07B8D00E905A4 /* PatientTableViewController.swift */ = {isa = PBXFileReference; lastKnownFileType = sourcecode.swift; path = PatientTableViewController.swift; sourceTree = "<group>"; };
		DD3D25F220A1DFF200E905A4 /* Functions.swift */ = {isa = PBXFileReference; lastKnownFileType = sourcecode.swift; path = Functions.swift; sourceTree = "<group>"; };
		DD58291D20A8822600EF3A56 /* Model.xcdatamodel */ = {isa = PBXFileReference; lastKnownFileType = wrapper.xcdatamodel; path = Model.xcdatamodel; sourceTree = "<group>"; };
		DD58292C20A8BBAB00EF3A56 /* Doctors+CoreDataClass.swift */ = {isa = PBXFileReference; lastKnownFileType = sourcecode.swift; path = "Doctors+CoreDataClass.swift"; sourceTree = "<group>"; };
		DD58292D20A8BBAB00EF3A56 /* Doctors+CoreDataProperties.swift */ = {isa = PBXFileReference; lastKnownFileType = sourcecode.swift; path = "Doctors+CoreDataProperties.swift"; sourceTree = "<group>"; };
		DD58293C20A8BBE200EF3A56 /* DoctorAccounts+CoreDataClass.swift */ = {isa = PBXFileReference; lastKnownFileType = sourcecode.swift; path = "DoctorAccounts+CoreDataClass.swift"; sourceTree = "<group>"; };
		DD58293D20A8BBE200EF3A56 /* DoctorAccounts+CoreDataProperties.swift */ = {isa = PBXFileReference; lastKnownFileType = sourcecode.swift; path = "DoctorAccounts+CoreDataProperties.swift"; sourceTree = "<group>"; };
		DD58293E20A8BBE200EF3A56 /* PatientAccounts+CoreDataClass.swift */ = {isa = PBXFileReference; lastKnownFileType = sourcecode.swift; path = "PatientAccounts+CoreDataClass.swift"; sourceTree = "<group>"; };
		DD58293F20A8BBE200EF3A56 /* PatientAccounts+CoreDataProperties.swift */ = {isa = PBXFileReference; lastKnownFileType = sourcecode.swift; path = "PatientAccounts+CoreDataProperties.swift"; sourceTree = "<group>"; };
		DD58295020A8F14900EF3A56 /* Recipe+CoreDataClass.swift */ = {isa = PBXFileReference; lastKnownFileType = sourcecode.swift; path = "Recipe+CoreDataClass.swift"; sourceTree = "<group>"; };
		DD58295120A8F14900EF3A56 /* Recipe+CoreDataProperties.swift */ = {isa = PBXFileReference; lastKnownFileType = sourcecode.swift; path = "Recipe+CoreDataProperties.swift"; sourceTree = "<group>"; };
		DD58295220A8F14900EF3A56 /* Medicines+CoreDataClass.swift */ = {isa = PBXFileReference; lastKnownFileType = sourcecode.swift; path = "Medicines+CoreDataClass.swift"; sourceTree = "<group>"; };
		DD58295320A8F14900EF3A56 /* Medicines+CoreDataProperties.swift */ = {isa = PBXFileReference; lastKnownFileType = sourcecode.swift; path = "Medicines+CoreDataProperties.swift"; sourceTree = "<group>"; };
		DD58296020A8F2B000EF3A56 /* RecipeHasMedicines+CoreDataClass.swift */ = {isa = PBXFileReference; lastKnownFileType = sourcecode.swift; path = "RecipeHasMedicines+CoreDataClass.swift"; sourceTree = "<group>"; };
		DD58296120A8F2B000EF3A56 /* RecipeHasMedicines+CoreDataProperties.swift */ = {isa = PBXFileReference; lastKnownFileType = sourcecode.swift; path = "RecipeHasMedicines+CoreDataProperties.swift"; sourceTree = "<group>"; };
		DD58296820A8F42900EF3A56 /* Patients+CoreDataClass.swift */ = {isa = PBXFileReference; lastKnownFileType = sourcecode.swift; path = "Patients+CoreDataClass.swift"; sourceTree = "<group>"; };
		DD58296920A8F42900EF3A56 /* Patients+CoreDataProperties.swift */ = {isa = PBXFileReference; lastKnownFileType = sourcecode.swift; path = "Patients+CoreDataProperties.swift"; sourceTree = "<group>"; };
		DDAC253A20A5A02F00F19758 /* AddMedicinesViewController.swift */ = {isa = PBXFileReference; lastKnownFileType = sourcecode.swift; path = AddMedicinesViewController.swift; sourceTree = "<group>"; };
		DDD67D76209CF318004FE646 /* QR-recipe.app */ = {isa = PBXFileReference; explicitFileType = wrapper.application; includeInIndex = 0; path = "QR-recipe.app"; sourceTree = BUILT_PRODUCTS_DIR; };
		DDD67D79209CF318004FE646 /* AppDelegate.swift */ = {isa = PBXFileReference; lastKnownFileType = sourcecode.swift; path = AppDelegate.swift; sourceTree = "<group>"; };
		DDD67D7B209CF318004FE646 /* LoginViewController.swift */ = {isa = PBXFileReference; lastKnownFileType = sourcecode.swift; path = LoginViewController.swift; sourceTree = "<group>"; };
		DDD67D7E209CF318004FE646 /* Base */ = {isa = PBXFileReference; lastKnownFileType = file.storyboard; name = Base; path = Base.lproj/Main.storyboard; sourceTree = "<group>"; };
		DDD67D80209CF319004FE646 /* Assets.xcassets */ = {isa = PBXFileReference; lastKnownFileType = folder.assetcatalog; path = Assets.xcassets; sourceTree = "<group>"; };
		DDD67D83209CF319004FE646 /* Base */ = {isa = PBXFileReference; lastKnownFileType = file.storyboard; name = Base; path = Base.lproj/LaunchScreen.storyboard; sourceTree = "<group>"; };
		DDD67D85209CF319004FE646 /* Info.plist */ = {isa = PBXFileReference; lastKnownFileType = text.plist.xml; path = Info.plist; sourceTree = "<group>"; };
		DDD67D8B209D0B1F004FE646 /* DoctorTableViewController.swift */ = {isa = PBXFileReference; lastKnownFileType = sourcecode.swift; path = DoctorTableViewController.swift; sourceTree = "<group>"; };
		DDD67D8D209D105B004FE646 /* PatientTableViewCell.swift */ = {isa = PBXFileReference; lastKnownFileType = sourcecode.swift; path = PatientTableViewCell.swift; sourceTree = "<group>"; };
/* End PBXFileReference section */

/* Begin PBXFrameworksBuildPhase section */
		DDD67D73209CF318004FE646 /* Frameworks */ = {
			isa = PBXFrameworksBuildPhase;
			buildActionMask = 2147483647;
			files = (
			);
			runOnlyForDeploymentPostprocessing = 0;
		};
/* End PBXFrameworksBuildPhase section */

/* Begin PBXGroup section */
		DD58292720A887FD00EF3A56 /* DataModel */ = {
			isa = PBXGroup;
			children = (
				DD58296820A8F42900EF3A56 /* Patients+CoreDataClass.swift */,
				DD58296920A8F42900EF3A56 /* Patients+CoreDataProperties.swift */,
				DD58296020A8F2B000EF3A56 /* RecipeHasMedicines+CoreDataClass.swift */,
				DD58296120A8F2B000EF3A56 /* RecipeHasMedicines+CoreDataProperties.swift */,
				DD58295020A8F14900EF3A56 /* Recipe+CoreDataClass.swift */,
				DD58295120A8F14900EF3A56 /* Recipe+CoreDataProperties.swift */,
				DD58295220A8F14900EF3A56 /* Medicines+CoreDataClass.swift */,
				DD58295320A8F14900EF3A56 /* Medicines+CoreDataProperties.swift */,
				DD58293C20A8BBE200EF3A56 /* DoctorAccounts+CoreDataClass.swift */,
				DD58293D20A8BBE200EF3A56 /* DoctorAccounts+CoreDataProperties.swift */,
				DD58293E20A8BBE200EF3A56 /* PatientAccounts+CoreDataClass.swift */,
				DD58293F20A8BBE200EF3A56 /* PatientAccounts+CoreDataProperties.swift */,
				DD58292C20A8BBAB00EF3A56 /* Doctors+CoreDataClass.swift */,
				DD58292D20A8BBAB00EF3A56 /* Doctors+CoreDataProperties.swift */,
				DD58291C20A8822600EF3A56 /* Model.xcdatamodeld */,
			);
			path = DataModel;
			sourceTree = "<group>";
		};
		DDD67D6D209CF318004FE646 = {
			isa = PBXGroup;
			children = (
				DDD67D78209CF318004FE646 /* QR-recipe */,
				DDD67D77209CF318004FE646 /* Products */,
			);
			sourceTree = "<group>";
		};
		DDD67D77209CF318004FE646 /* Products */ = {
			isa = PBXGroup;
			children = (
				DDD67D76209CF318004FE646 /* QR-recipe.app */,
			);
			name = Products;
			sourceTree = "<group>";
		};
		DDD67D78209CF318004FE646 /* QR-recipe */ = {
			isa = PBXGroup;
			children = (
				DD58292720A887FD00EF3A56 /* DataModel */,
				DDD67D7D209CF318004FE646 /* Main.storyboard */,
				DDD67D7B209CF318004FE646 /* LoginViewController.swift */,
				DDD67D8B209D0B1F004FE646 /* DoctorTableViewController.swift */,
				DD3D25EE20A0693800E905A4 /* AddPatientTableViewController.swift */,
				DD3D25F020A07B8D00E905A4 /* PatientTableViewController.swift */,
				DD1C25F620A4E8DA00C678D7 /* ShowAddMedicinesTableViewController.swift */,
				DD1C25F420A4E0B000C678D7 /* QRcodeViewController.swift */,
				DDAC253A20A5A02F00F19758 /* AddMedicinesViewController.swift */,
				DDD67D8D209D105B004FE646 /* PatientTableViewCell.swift */,
				DD3D25F220A1DFF200E905A4 /* Functions.swift */,
				DDD67D79209CF318004FE646 /* AppDelegate.swift */,
				DDD67D82209CF319004FE646 /* LaunchScreen.storyboard */,
				DDD67D80209CF319004FE646 /* Assets.xcassets */,
				DDD67D85209CF319004FE646 /* Info.plist */,
			);
			path = "QR-recipe";
			sourceTree = "<group>";
		};
/* End PBXGroup section */

/* Begin PBXNativeTarget section */
		DDD67D75209CF318004FE646 /* QR-recipe */ = {
			isa = PBXNativeTarget;
			buildConfigurationList = DDD67D88209CF319004FE646 /* Build configuration list for PBXNativeTarget "QR-recipe" */;
			buildPhases = (
				DDD67D72209CF318004FE646 /* Sources */,
				DDD67D73209CF318004FE646 /* Frameworks */,
				DDD67D74209CF318004FE646 /* Resources */,
			);
			buildRules = (
			);
			dependencies = (
			);
			name = "QR-recipe";
			productName = "QR-recipe";
			productReference = DDD67D76209CF318004FE646 /* QR-recipe.app */;
			productType = "com.apple.product-type.application";
		};
/* End PBXNativeTarget section */

/* Begin PBXProject section */
		DDD67D6E209CF318004FE646 /* Project object */ = {
			isa = PBXProject;
			attributes = {
				LastSwiftUpdateCheck = 0930;
				LastUpgradeCheck = 0930;
				ORGANIZATIONNAME = "Vitalii Havryliuk";
				TargetAttributes = {
					DDD67D75209CF318004FE646 = {
						CreatedOnToolsVersion = 9.3;
					};
				};
			};
			buildConfigurationList = DDD67D71209CF318004FE646 /* Build configuration list for PBXProject "QR-recipe" */;
			compatibilityVersion = "Xcode 9.3";
			developmentRegion = en;
			hasScannedForEncodings = 0;
			knownRegions = (
				en,
				Base,
			);
			mainGroup = DDD67D6D209CF318004FE646;
			productRefGroup = DDD67D77209CF318004FE646 /* Products */;
			projectDirPath = "";
			projectRoot = "";
			targets = (
				DDD67D75209CF318004FE646 /* QR-recipe */,
			);
		};
/* End PBXProject section */

/* Begin PBXResourcesBuildPhase section */
		DDD67D74209CF318004FE646 /* Resources */ = {
			isa = PBXResourcesBuildPhase;
			buildActionMask = 2147483647;
			files = (
				DDD67D84209CF319004FE646 /* LaunchScreen.storyboard in Resources */,
				DDD67D81209CF319004FE646 /* Assets.xcassets in Resources */,
				DDD67D7F209CF318004FE646 /* Main.storyboard in Resources */,
			);
			runOnlyForDeploymentPostprocessing = 0;
		};
/* End PBXResourcesBuildPhase section */

/* Begin PBXSourcesBuildPhase section */
		DDD67D72209CF318004FE646 /* Sources */ = {
			isa = PBXSourcesBuildPhase;
			buildActionMask = 2147483647;
			files = (
				DD58295720A8F14900EF3A56 /* Recipe+CoreDataProperties.swift in Sources */,
				DD58294020A8BBE200EF3A56 /* DoctorAccounts+CoreDataClass.swift in Sources */,
				DDD67D7C209CF318004FE646 /* LoginViewController.swift in Sources */,
				DD58296A20A8F42900EF3A56 /* Patients+CoreDataClass.swift in Sources */,
				DDD67D8E209D105B004FE646 /* PatientTableViewCell.swift in Sources */,
				DD1C25F520A4E0B000C678D7 /* QRcodeViewController.swift in Sources */,
				DD3D25F120A07B8D00E905A4 /* PatientTableViewController.swift in Sources */,
				DD58295620A8F14900EF3A56 /* Recipe+CoreDataClass.swift in Sources */,
				DD1C25F720A4E8DA00C678D7 /* ShowAddMedicinesTableViewController.swift in Sources */,
				DD58296320A8F2B000EF3A56 /* RecipeHasMedicines+CoreDataProperties.swift in Sources */,
				DD58293520A8BBAB00EF3A56 /* Doctors+CoreDataProperties.swift in Sources */,
				DD3D25F320A1DFF200E905A4 /* Functions.swift in Sources */,
				DD58293420A8BBAB00EF3A56 /* Doctors+CoreDataClass.swift in Sources */,
				DDD67D7A209CF318004FE646 /* AppDelegate.swift in Sources */,
				DD58296B20A8F42900EF3A56 /* Patients+CoreDataProperties.swift in Sources */,
				DD58294320A8BBE200EF3A56 /* PatientAccounts+CoreDataProperties.swift in Sources */,
				DDD67D8C209D0B1F004FE646 /* DoctorTableViewController.swift in Sources */,
				DDAC253B20A5A02F00F19758 /* AddMedicinesViewController.swift in Sources */,
				DD58291E20A8822600EF3A56 /* Model.xcdatamodeld in Sources */,
				DD3D25EF20A0693800E905A4 /* AddPatientTableViewController.swift in Sources */,
				DD58296220A8F2B000EF3A56 /* RecipeHasMedicines+CoreDataClass.swift in Sources */,
				DD58294220A8BBE200EF3A56 /* PatientAccounts+CoreDataClass.swift in Sources */,
				DD58294120A8BBE200EF3A56 /* DoctorAccounts+CoreDataProperties.swift in Sources */,
				DD58295820A8F14900EF3A56 /* Medicines+CoreDataClass.swift in Sources */,
				DD58295920A8F14900EF3A56 /* Medicines+CoreDataProperties.swift in Sources */,
			);
			runOnlyForDeploymentPostprocessing = 0;
		};
/* End PBXSourcesBuildPhase section */

/* Begin PBXVariantGroup section */
		DDD67D7D209CF318004FE646 /* Main.storyboard */ = {
			isa = PBXVariantGroup;
			children = (
				DDD67D7E209CF318004FE646 /* Base */,
			);
			name = Main.storyboard;
			sourceTree = "<group>";
		};
		DDD67D82209CF319004FE646 /* LaunchScreen.storyboard */ = {
			isa = PBXVariantGroup;
			children = (
				DDD67D83209CF319004FE646 /* Base */,
			);
			name = LaunchScreen.storyboard;
			sourceTree = "<group>";
		};
/* End PBXVariantGroup section */

/* Begin XCBuildConfiguration section */
		DDD67D86209CF319004FE646 /* Debug */ = {
			isa = XCBuildConfiguration;
			buildSettings = {
				ALWAYS_SEARCH_USER_PATHS = NO;
				CLANG_ANALYZER_NONNULL = YES;
				CLANG_ANALYZER_NUMBER_OBJECT_CONVERSION = YES_AGGRESSIVE;
				CLANG_CXX_LANGUAGE_STANDARD = "gnu++14";
				CLANG_CXX_LIBRARY = "libc++";
				CLANG_ENABLE_MODULES = YES;
				CLANG_ENABLE_OBJC_ARC = YES;
				CLANG_ENABLE_OBJC_WEAK = YES;
				CLANG_WARN_BLOCK_CAPTURE_AUTORELEASING = YES;
				CLANG_WARN_BOOL_CONVERSION = YES;
				CLANG_WARN_COMMA = YES;
				CLANG_WARN_CONSTANT_CONVERSION = YES;
				CLANG_WARN_DEPRECATED_OBJC_IMPLEMENTATIONS = YES;
				CLANG_WARN_DIRECT_OBJC_ISA_USAGE = YES_ERROR;
				CLANG_WARN_DOCUMENTATION_COMMENTS = YES;
				CLANG_WARN_EMPTY_BODY = YES;
				CLANG_WARN_ENUM_CONVERSION = YES;
				CLANG_WARN_INFINITE_RECURSION = YES;
				CLANG_WARN_INT_CONVERSION = YES;
				CLANG_WARN_NON_LITERAL_NULL_CONVERSION = YES;
				CLANG_WARN_OBJC_IMPLICIT_RETAIN_SELF = YES;
				CLANG_WARN_OBJC_LITERAL_CONVERSION = YES;
				CLANG_WARN_OBJC_ROOT_CLASS = YES_ERROR;
				CLANG_WARN_RANGE_LOOP_ANALYSIS = YES;
				CLANG_WARN_STRICT_PROTOTYPES = YES;
				CLANG_WARN_SUSPICIOUS_MOVE = YES;
				CLANG_WARN_UNGUARDED_AVAILABILITY = YES_AGGRESSIVE;
				CLANG_WARN_UNREACHABLE_CODE = YES;
				CLANG_WARN__DUPLICATE_METHOD_MATCH = YES;
				CODE_SIGN_IDENTITY = "iPhone Developer";
				COPY_PHASE_STRIP = NO;
				DEBUG_INFORMATION_FORMAT = dwarf;
				ENABLE_STRICT_OBJC_MSGSEND = YES;
				ENABLE_TESTABILITY = YES;
				GCC_C_LANGUAGE_STANDARD = gnu11;
				GCC_DYNAMIC_NO_PIC = NO;
				GCC_NO_COMMON_BLOCKS = YES;
				GCC_OPTIMIZATION_LEVEL = 0;
				GCC_PREPROCESSOR_DEFINITIONS = (
					"DEBUG=1",
					"$(inherited)",
				);
				GCC_WARN_64_TO_32_BIT_CONVERSION = YES;
				GCC_WARN_ABOUT_RETURN_TYPE = YES_ERROR;
				GCC_WARN_UNDECLARED_SELECTOR = YES;
				GCC_WARN_UNINITIALIZED_AUTOS = YES_AGGRESSIVE;
				GCC_WARN_UNUSED_FUNCTION = YES;
				GCC_WARN_UNUSED_VARIABLE = YES;
				IPHONEOS_DEPLOYMENT_TARGET = 11.3;
				MTL_ENABLE_DEBUG_INFO = YES;
				ONLY_ACTIVE_ARCH = YES;
				SDKROOT = iphoneos;
				SWIFT_ACTIVE_COMPILATION_CONDITIONS = DEBUG;
				SWIFT_OPTIMIZATION_LEVEL = "-Onone";
			};
			name = Debug;
		};
		DDD67D87209CF319004FE646 /* Release */ = {
			isa = XCBuildConfiguration;
			buildSettings = {
				ALWAYS_SEARCH_USER_PATHS = NO;
				CLANG_ANALYZER_NONNULL = YES;
				CLANG_ANALYZER_NUMBER_OBJECT_CONVERSION = YES_AGGRESSIVE;
				CLANG_CXX_LANGUAGE_STANDARD = "gnu++14";
				CLANG_CXX_LIBRARY = "libc++";
				CLANG_ENABLE_MODULES = YES;
				CLANG_ENABLE_OBJC_ARC = YES;
				CLANG_ENABLE_OBJC_WEAK = YES;
				CLANG_WARN_BLOCK_CAPTURE_AUTORELEASING = YES;
				CLANG_WARN_BOOL_CONVERSION = YES;
				CLANG_WARN_COMMA = YES;
				CLANG_WARN_CONSTANT_CONVERSION = YES;
				CLANG_WARN_DEPRECATED_OBJC_IMPLEMENTATIONS = YES;
				CLANG_WARN_DIRECT_OBJC_ISA_USAGE = YES_ERROR;
				CLANG_WARN_DOCUMENTATION_COMMENTS = YES;
				CLANG_WARN_EMPTY_BODY = YES;
				CLANG_WARN_ENUM_CONVERSION = YES;
				CLANG_WARN_INFINITE_RECURSION = YES;
				CLANG_WARN_INT_CONVERSION = YES;
				CLANG_WARN_NON_LITERAL_NULL_CONVERSION = YES;
				CLANG_WARN_OBJC_IMPLICIT_RETAIN_SELF = YES;
				CLANG_WARN_OBJC_LITERAL_CONVERSION = YES;
				CLANG_WARN_OBJC_ROOT_CLASS = YES_ERROR;
				CLANG_WARN_RANGE_LOOP_ANALYSIS = YES;
				CLANG_WARN_STRICT_PROTOTYPES = YES;
				CLANG_WARN_SUSPICIOUS_MOVE = YES;
				CLANG_WARN_UNGUARDED_AVAILABILITY = YES_AGGRESSIVE;
				CLANG_WARN_UNREACHABLE_CODE = YES;
				CLANG_WARN__DUPLICATE_METHOD_MATCH = YES;
				CODE_SIGN_IDENTITY = "iPhone Developer";
				COPY_PHASE_STRIP = NO;
				DEBUG_INFORMATION_FORMAT = "dwarf-with-dsym";
				ENABLE_NS_ASSERTIONS = NO;
				ENABLE_STRICT_OBJC_MSGSEND = YES;
				GCC_C_LANGUAGE_STANDARD = gnu11;
				GCC_NO_COMMON_BLOCKS = YES;
				GCC_WARN_64_TO_32_BIT_CONVERSION = YES;
				GCC_WARN_ABOUT_RETURN_TYPE = YES_ERROR;
				GCC_WARN_UNDECLARED_SELECTOR = YES;
				GCC_WARN_UNINITIALIZED_AUTOS = YES_AGGRESSIVE;
				GCC_WARN_UNUSED_FUNCTION = YES;
				GCC_WARN_UNUSED_VARIABLE = YES;
				IPHONEOS_DEPLOYMENT_TARGET = 11.3;
				MTL_ENABLE_DEBUG_INFO = NO;
				SDKROOT = iphoneos;
				SWIFT_COMPILATION_MODE = wholemodule;
				SWIFT_OPTIMIZATION_LEVEL = "-O";
				VALIDATE_PRODUCT = YES;
			};
			name = Release;
		};
		DDD67D89209CF319004FE646 /* Debug */ = {
			isa = XCBuildConfiguration;
			buildSettings = {
				ASSETCATALOG_COMPILER_APPICON_NAME = AppIcon;
				CODE_SIGN_STYLE = Automatic;
				DEVELOPMENT_TEAM = 2SWL59DHLX;
				INFOPLIST_FILE = "QR-recipe/Info.plist";
				IPHONEOS_DEPLOYMENT_TARGET = 11.3;
				LD_RUNPATH_SEARCH_PATHS = (
					"$(inherited)",
					"@executable_path/Frameworks",
				);
				PRODUCT_BUNDLE_IDENTIFIER = "hvrlk.QR-recipe";
				PRODUCT_NAME = "$(TARGET_NAME)";
				SWIFT_VERSION = 4.0;
				TARGETED_DEVICE_FAMILY = "1,2";
			};
			name = Debug;
		};
		DDD67D8A209CF319004FE646 /* Release */ = {
			isa = XCBuildConfiguration;
			buildSettings = {
				ASSETCATALOG_COMPILER_APPICON_NAME = AppIcon;
				CODE_SIGN_STYLE = Automatic;
				DEVELOPMENT_TEAM = 2SWL59DHLX;
				INFOPLIST_FILE = "QR-recipe/Info.plist";
				IPHONEOS_DEPLOYMENT_TARGET = 11.3;
				LD_RUNPATH_SEARCH_PATHS = (
					"$(inherited)",
					"@executable_path/Frameworks",
				);
				PRODUCT_BUNDLE_IDENTIFIER = "hvrlk.QR-recipe";
				PRODUCT_NAME = "$(TARGET_NAME)";
				SWIFT_VERSION = 4.0;
				TARGETED_DEVICE_FAMILY = "1,2";
			};
			name = Release;
		};
/* End XCBuildConfiguration section */

/* Begin XCConfigurationList section */
		DDD67D71209CF318004FE646 /* Build configuration list for PBXProject "QR-recipe" */ = {
			isa = XCConfigurationList;
			buildConfigurations = (
				DDD67D86209CF319004FE646 /* Debug */,
				DDD67D87209CF319004FE646 /* Release */,
			);
			defaultConfigurationIsVisible = 0;
			defaultConfigurationName = Release;
		};
		DDD67D88209CF319004FE646 /* Build configuration list for PBXNativeTarget "QR-recipe" */ = {
			isa = XCConfigurationList;
			buildConfigurations = (
				DDD67D89209CF319004FE646 /* Debug */,
				DDD67D8A209CF319004FE646 /* Release */,
			);
			defaultConfigurationIsVisible = 0;
			defaultConfigurationName = Release;
		};
/* End XCConfigurationList section */

/* Begin XCVersionGroup section */
		DD58291C20A8822600EF3A56 /* Model.xcdatamodeld */ = {
			isa = XCVersionGroup;
			children = (
				DD58291D20A8822600EF3A56 /* Model.xcdatamodel */,
			);
			currentVersion = DD58291D20A8822600EF3A56 /* Model.xcdatamodel */;
			path = Model.xcdatamodeld;
			sourceTree = "<group>";
			versionGroupType = wrapper.xcdatamodel;
		};
/* End XCVersionGroup section */
	};
	rootObject = DDD67D6E209CF318004FE646 /* Project object */;
}
